// !$*UTF8*$!
{
	archiveVersion = 1;
	classes = {
	};
	objectVersion = 46;
	objects = {

/* Begin PBXBuildFile section */
		563EECFB1C919CF900B21F07 /* AppDelegate.swift in Sources */ = {isa = PBXBuildFile; fileRef = 563EECFA1C919CF900B21F07 /* AppDelegate.swift */; };
		563EECFD1C919CF900B21F07 /* ViewController.swift in Sources */ = {isa = PBXBuildFile; fileRef = 563EECFC1C919CF900B21F07 /* ViewController.swift */; };
		563EED001C919CF900B21F07 /* Main.storyboard in Resources */ = {isa = PBXBuildFile; fileRef = 563EECFE1C919CF900B21F07 /* Main.storyboard */; };
		563EED021C919CF900B21F07 /* Assets.xcassets in Resources */ = {isa = PBXBuildFile; fileRef = 563EED011C919CF900B21F07 /* Assets.xcassets */; };
		563EED051C919CF900B21F07 /* LaunchScreen.storyboard in Resources */ = {isa = PBXBuildFile; fileRef = 563EED031C919CF900B21F07 /* LaunchScreen.storyboard */; };
		563EED101C919CFA00B21F07 /* mapSampleTests.swift in Sources */ = {isa = PBXBuildFile; fileRef = 563EED0F1C919CF900B21F07 /* mapSampleTests.swift */; };
		563EED1B1C919CFA00B21F07 /* mapSampleUITests.swift in Sources */ = {isa = PBXBuildFile; fileRef = 563EED1A1C919CFA00B21F07 /* mapSampleUITests.swift */; };
/* End PBXBuildFile section */

/* Begin PBXContainerItemProxy section */
		563EED0C1C919CF900B21F07 /* PBXContainerItemProxy */ = {
			isa = PBXContainerItemProxy;
			containerPortal = 563EECEF1C919CF900B21F07 /* Project object */;
			proxyType = 1;
			remoteGlobalIDString = 563EECF61C919CF900B21F07;
			remoteInfo = mapSample;
		};
		563EED171C919CFA00B21F07 /* PBXContainerItemProxy */ = {
			isa = PBXContainerItemProxy;
			containerPortal = 563EECEF1C919CF900B21F07 /* Project object */;
			proxyType = 1;
			remoteGlobalIDString = 563EECF61C919CF900B21F07;
			remoteInfo = mapSample;
		};
/* End PBXContainerItemProxy section */

/* Begin PBXFileReference section */
		563EECF71C919CF900B21F07 /* mapSample.app */ = {isa = PBXFileReference; explicitFileType = wrapper.application; includeInIndex = 0; path = mapSample.app; sourceTree = BUILT_PRODUCTS_DIR; };
		563EECFA1C919CF900B21F07 /* AppDelegate.swift */ = {isa = PBXFileReference; lastKnownFileType = sourcecode.swift; path = AppDelegate.swift; sourceTree = "<group>"; };
		563EECFC1C919CF900B21F07 /* ViewController.swift */ = {isa = PBXFileReference; lastKnownFileType = sourcecode.swift; path = ViewController.swift; sourceTree = "<group>"; };
		563EECFF1C919CF900B21F07 /* Base */ = {isa = PBXFileReference; lastKnownFileType = file.storyboard; name = Base; path = Base.lproj/Main.storyboard; sourceTree = "<group>"; };
		563EED011C919CF900B21F07 /* Assets.xcassets */ = {isa = PBXFileReference; lastKnownFileType = folder.assetcatalog; path = Assets.xcassets; sourceTree = "<group>"; };
		563EED041C919CF900B21F07 /* Base */ = {isa = PBXFileReference; lastKnownFileType = file.storyboard; name = Base; path = Base.lproj/LaunchScreen.storyboard; sourceTree = "<group>"; };
		563EED061C919CF900B21F07 /* Info.plist */ = {isa = PBXFileReference; lastKnownFileType = text.plist.xml; path = Info.plist; sourceTree = "<group>"; };
		563EED0B1C919CF900B21F07 /* mapSampleTests.xctest */ = {isa = PBXFileReference; explicitFileType = wrapper.cfbundle; includeInIndex = 0; path = mapSampleTests.xctest; sourceTree = BUILT_PRODUCTS_DIR; };
		563EED0F1C919CF900B21F07 /* mapSampleTests.swift */ = {isa = PBXFileReference; lastKnownFileType = sourcecode.swift; path = mapSampleTests.swift; sourceTree = "<group>"; };
		563EED111C919CFA00B21F07 /* Info.plist */ = {isa = PBXFileReference; lastKnownFileType = text.plist.xml; path = Info.plist; sourceTree = "<group>"; };
		563EED161C919CFA00B21F07 /* mapSampleUITests.xctest */ = {isa = PBXFileReference; explicitFileType = wrapper.cfbundle; includeInIndex = 0; path = mapSampleUITests.xctest; sourceTree = BUILT_PRODUCTS_DIR; };
		563EED1A1C919CFA00B21F07 /* mapSampleUITests.swift */ = {isa = PBXFileReference; lastKnownFileType = sourcecode.swift; path = mapSampleUITests.swift; sourceTree = "<group>"; };
		563EED1C1C919CFA00B21F07 /* Info.plist */ = {isa = PBXFileReference; lastKnownFileType = text.plist.xml; path = Info.plist; sourceTree = "<group>"; };
/* End PBXFileReference section */

/* Begin PBXFrameworksBuildPhase section */
		563EECF41C919CF900B21F07 /* Frameworks */ = {
			isa = PBXFrameworksBuildPhase;
			buildActionMask = 2147483647;
			files = (
			);
			runOnlyForDeploymentPostprocessing = 0;
		};
		563EED081C919CF900B21F07 /* Frameworks */ = {
			isa = PBXFrameworksBuildPhase;
			buildActionMask = 2147483647;
			files = (
			);
			runOnlyForDeploymentPostprocessing = 0;
		};
		563EED131C919CFA00B21F07 /* Frameworks */ = {
			isa = PBXFrameworksBuildPhase;
			buildActionMask = 2147483647;
			files = (
			);
			runOnlyForDeploymentPostprocessing = 0;
		};
/* End PBXFrameworksBuildPhase section */

/* Begin PBXGroup section */
		563EECEE1C919CF900B21F07 = {
			isa = PBXGroup;
			children = (
				563EECF91C919CF900B21F07 /* mapSample */,
				563EED0E1C919CF900B21F07 /* mapSampleTests */,
				563EED191C919CFA00B21F07 /* mapSampleUITests */,
				563EECF81C919CF900B21F07 /* Products */,
			);
			sourceTree = "<group>";
		};
		563EECF81C919CF900B21F07 /* Products */ = {
			isa = PBXGroup;
			children = (
				563EECF71C919CF900B21F07 /* mapSample.app */,
				563EED0B1C919CF900B21F07 /* mapSampleTests.xctest */,
				563EED161C919CFA00B21F07 /* mapSampleUITests.xctest */,
			);
			name = Products;
			sourceTree = "<group>";
		};
		563EECF91C919CF900B21F07 /* mapSample */ = {
			isa = PBXGroup;
			children = (
				563EECFA1C919CF900B21F07 /* AppDelegate.swift */,
				563EECFC1C919CF900B21F07 /* ViewController.swift */,
				563EECFE1C919CF900B21F07 /* Main.storyboard */,
				563EED011C919CF900B21F07 /* Assets.xcassets */,
				563EED031C919CF900B21F07 /* LaunchScreen.storyboard */,
				563EED061C919CF900B21F07 /* Info.plist */,
			);
			path = mapSample;
			sourceTree = "<group>";
		};
		563EED0E1C919CF900B21F07 /* mapSampleTests */ = {
			isa = PBXGroup;
			children = (
				563EED0F1C919CF900B21F07 /* mapSampleTests.swift */,
				563EED111C919CFA00B21F07 /* Info.plist */,
			);
			path = mapSampleTests;
			sourceTree = "<group>";
		};
		563EED191C919CFA00B21F07 /* mapSampleUITests */ = {
			isa = PBXGroup;
			children = (
				563EED1A1C919CFA00B21F07 /* mapSampleUITests.swift */,
				563EED1C1C919CFA00B21F07 /* Info.plist */,
			);
			path = mapSampleUITests;
			sourceTree = "<group>";
		};
/* End PBXGroup section */

/* Begin PBXNativeTarget section */
		563EECF61C919CF900B21F07 /* mapSample */ = {
			isa = PBXNativeTarget;
			buildConfigurationList = 563EED1F1C919CFA00B21F07 /* Build configuration list for PBXNativeTarget "mapSample" */;
			buildPhases = (
				563EECF31C919CF900B21F07 /* Sources */,
				563EECF41C919CF900B21F07 /* Frameworks */,
				563EECF51C919CF900B21F07 /* Resources */,
			);
			buildRules = (
			);
			dependencies = (
			);
			name = mapSample;
			productName = mapSample;
			productReference = 563EECF71C919CF900B21F07 /* mapSample.app */;
			productType = "com.apple.product-type.application";
		};
		563EED0A1C919CF900B21F07 /* mapSampleTests */ = {
			isa = PBXNativeTarget;
			buildConfigurationList = 563EED221C919CFA00B21F07 /* Build configuration list for PBXNativeTarget "mapSampleTests" */;
			buildPhases = (
				563EED071C919CF900B21F07 /* Sources */,
				563EED081C919CF900B21F07 /* Frameworks */,
				563EED091C919CF900B21F07 /* Resources */,
			);
			buildRules = (
			);
			dependencies = (
				563EED0D1C919CF900B21F07 /* PBXTargetDependency */,
			);
			name = mapSampleTests;
			productName = mapSampleTests;
			productReference = 563EED0B1C919CF900B21F07 /* mapSampleTests.xctest */;
			productType = "com.apple.product-type.bundle.unit-test";
		};
		563EED151C919CFA00B21F07 /* mapSampleUITests */ = {
			isa = PBXNativeTarget;
			buildConfigurationList = 563EED251C919CFA00B21F07 /* Build configuration list for PBXNativeTarget "mapSampleUITests" */;
			buildPhases = (
				563EED121C919CFA00B21F07 /* Sources */,
				563EED131C919CFA00B21F07 /* Frameworks */,
				563EED141C919CFA00B21F07 /* Resources */,
			);
			buildRules = (
			);
			dependencies = (
				563EED181C919CFA00B21F07 /* PBXTargetDependency */,
			);
			name = mapSampleUITests;
			productName = mapSampleUITests;
			productReference = 563EED161C919CFA00B21F07 /* mapSampleUITests.xctest */;
			productType = "com.apple.product-type.bundle.ui-testing";
		};
/* End PBXNativeTarget section */

/* Begin PBXProject section */
		563EECEF1C919CF900B21F07 /* Project object */ = {
			isa = PBXProject;
			attributes = {
				LastSwiftUpdateCheck = 0720;
				LastUpgradeCheck = 0720;
				ORGANIZATIONNAME = "平塚 俊輔";
				TargetAttributes = {
					563EECF61C919CF900B21F07 = {
						CreatedOnToolsVersion = 7.2.1;
					};
					563EED0A1C919CF900B21F07 = {
						CreatedOnToolsVersion = 7.2.1;
						TestTargetID = 563EECF61C919CF900B21F07;
					};
					563EED151C919CFA00B21F07 = {
						CreatedOnToolsVersion = 7.2.1;
						TestTargetID = 563EECF61C919CF900B21F07;
					};
				};
			};
			buildConfigurationList = 563EECF21C919CF900B21F07 /* Build configuration list for PBXProject "mapSample" */;
			compatibilityVersion = "Xcode 3.2";
			developmentRegion = English;
			hasScannedForEncodings = 0;
			knownRegions = (
				en,
				Base,
			);
			mainGroup = 563EECEE1C919CF900B21F07;
			productRefGroup = 563EECF81C919CF900B21F07 /* Products */;
			projectDirPath = "";
			projectRoot = "";
			targets = (
				563EECF61C919CF900B21F07 /* mapSample */,
				563EED0A1C919CF900B21F07 /* mapSampleTests */,
				563EED151C919CFA00B21F07 /* mapSampleUITests */,
			);
		};
/* End PBXProject section */

/* Begin PBXResourcesBuildPhase section */
		563EECF51C919CF900B21F07 /* Resources */ = {
			isa = PBXResourcesBuildPhase;
			buildActionMask = 2147483647;
			files = (
				563EED051C919CF900B21F07 /* LaunchScreen.storyboard in Resources */,
				563EED021C919CF900B21F07 /* Assets.xcassets in Resources */,
				563EED001C919CF900B21F07 /* Main.storyboard in Resources */,
			);
			runOnlyForDeploymentPostprocessing = 0;
		};
		563EED091C919CF900B21F07 /* Resources */ = {
			isa = PBXResourcesBuildPhase;
			buildActionMask = 2147483647;
			files = (
			);
			runOnlyForDeploymentPostprocessing = 0;
		};
		563EED141C919CFA00B21F07 /* Resources */ = {
			isa = PBXResourcesBuildPhase;
			buildActionMask = 2147483647;
			files = (
			);
			runOnlyForDeploymentPostprocessing = 0;
		};
/* End PBXResourcesBuildPhase section */

/* Begin PBXSourcesBuildPhase section */
		563EECF31C919CF900B21F07 /* Sources */ = {
			isa = PBXSourcesBuildPhase;
			buildActionMask = 2147483647;
			files = (
				563EECFD1C919CF900B21F07 /* ViewController.swift in Sources */,
				563EECFB1C919CF900B21F07 /* AppDelegate.swift in Sources */,
			);
			runOnlyForDeploymentPostprocessing = 0;
		};
		563EED071C919CF900B21F07 /* Sources */ = {
			isa = PBXSourcesBuildPhase;
			buildActionMask = 2147483647;
			files = (
				563EED101C919CFA00B21F07 /* mapSampleTests.swift in Sources */,
			);
			runOnlyForDeploymentPostprocessing = 0;
		};
		563EED121C919CFA00B21F07 /* Sources */ = {
			isa = PBXSourcesBuildPhase;
			buildActionMask = 2147483647;
			files = (
				563EED1B1C919CFA00B21F07 /* mapSampleUITests.swift in Sources */,
			);
			runOnlyForDeploymentPostprocessing = 0;
		};
/* End PBXSourcesBuildPhase section */

/* Begin PBXTargetDependency section */
		563EED0D1C919CF900B21F07 /* PBXTargetDependency */ = {
			isa = PBXTargetDependency;
			target = 563EECF61C919CF900B21F07 /* mapSample */;
			targetProxy = 563EED0C1C919CF900B21F07 /* PBXContainerItemProxy */;
		};
		563EED181C919CFA00B21F07 /* PBXTargetDependency */ = {
			isa = PBXTargetDependency;
			target = 563EECF61C919CF900B21F07 /* mapSample */;
			targetProxy = 563EED171C919CFA00B21F07 /* PBXContainerItemProxy */;
		};
/* End PBXTargetDependency section */

/* Begin PBXVariantGroup section */
		563EECFE1C919CF900B21F07 /* Main.storyboard */ = {
			isa = PBXVariantGroup;
			children = (
				563EECFF1C919CF900B21F07 /* Base */,
			);
			name = Main.storyboard;
			sourceTree = "<group>";
		};
		563EED031C919CF900B21F07 /* LaunchScreen.storyboard */ = {
			isa = PBXVariantGroup;
			children = (
				563EED041C919CF900B21F07 /* Base */,
			);
			name = LaunchScreen.storyboard;
			sourceTree = "<group>";
		};
/* End PBXVariantGroup section */

/* Begin XCBuildConfiguration section */
		563EED1D1C919CFA00B21F07 /* Debug */ = {
			isa = XCBuildConfiguration;
			buildSettings = {
				ALWAYS_SEARCH_USER_PATHS = NO;
				CLANG_CXX_LANGUAGE_STANDARD = "gnu++0x";
				CLANG_CXX_LIBRARY = "libc++";
				CLANG_ENABLE_MODULES = YES;
				CLANG_ENABLE_OBJC_ARC = YES;
				CLANG_WARN_BOOL_CONVERSION = YES;
				CLANG_WARN_CONSTANT_CONVERSION = YES;
				CLANG_WARN_DIRECT_OBJC_ISA_USAGE = YES_ERROR;
				CLANG_WARN_EMPTY_BODY = YES;
				CLANG_WARN_ENUM_CONVERSION = YES;
				CLANG_WARN_INT_CONVERSION = YES;
				CLANG_WARN_OBJC_ROOT_CLASS = YES_ERROR;
				CLANG_WARN_UNREACHABLE_CODE = YES;
				CLANG_WARN__DUPLICATE_METHOD_MATCH = YES;
				"CODE_SIGN_IDENTITY[sdk=iphoneos*]" = "iPhone Developer";
				COPY_PHASE_STRIP = NO;
				DEBUG_INFORMATION_FORMAT = dwarf;
				ENABLE_STRICT_OBJC_MSGSEND = YES;
				ENABLE_TESTABILITY = YES;
				GCC_C_LANGUAGE_STANDARD = gnu99;
				GCC_DYNAMIC_NO_PIC = NO;
				GCC_NO_COMMON_BLOCKS = YES;
				GCC_OPTIMIZATION_LEVEL = 0;
				GCC_PREPROCESSOR_DEFINITIONS = (
					"DEBUG=1",
					"$(inherited)",
				);
				GCC_WARN_64_TO_32_BIT_CONVERSION = YES;
				GCC_WARN_ABOUT_RETURN_TYPE = YES_ERROR;
				GCC_WARN_UNDECLARED_SELECTOR = YES;
				GCC_WARN_UNINITIALIZED_AUTOS = YES_AGGRESSIVE;
				GCC_WARN_UNUSED_FUNCTION = YES;
				GCC_WARN_UNUSED_VARIABLE = YES;
				IPHONEOS_DEPLOYMENT_TARGET = 9.2;
				MTL_ENABLE_DEBUG_INFO = YES;
				ONLY_ACTIVE_ARCH = YES;
				SDKROOT = iphoneos;
				SWIFT_OPTIMIZATION_LEVEL = "-Onone";
			};
			name = Debug;
		};
		563EED1E1C919CFA00B21F07 /* Release */ = {
			isa = XCBuildConfiguration;
			buildSettings = {
				ALWAYS_SEARCH_USER_PATHS = NO;
				CLANG_CXX_LANGUAGE_STANDARD = "gnu++0x";
				CLANG_CXX_LIBRARY = "libc++";
				CLANG_ENABLE_MODULES = YES;
				CLANG_ENABLE_OBJC_ARC = YES;
				CLANG_WARN_BOOL_CONVERSION = YES;
				CLANG_WARN_CONSTANT_CONVERSION = YES;
				CLANG_WARN_DIRECT_OBJC_ISA_USAGE = YES_ERROR;
				CLANG_WARN_EMPTY_BODY = YES;
				CLANG_WARN_ENUM_CONVERSION = YES;
				CLANG_WARN_INT_CONVERSION = YES;
				CLANG_WARN_OBJC_ROOT_CLASS = YES_ERROR;
				CLANG_WARN_UNREACHABLE_CODE = YES;
				CLANG_WARN__DUPLICATE_METHOD_MATCH = YES;
				"CODE_SIGN_IDENTITY[sdk=iphoneos*]" = "iPhone Developer";
				COPY_PHASE_STRIP = NO;
				DEBUG_INFORMATION_FORMAT = "dwarf-with-dsym";
				ENABLE_NS_ASSERTIONS = NO;
				ENABLE_STRICT_OBJC_MSGSEND = YES;
				GCC_C_LANGUAGE_STANDARD = gnu99;
				GCC_NO_COMMON_BLOCKS = YES;
				GCC_WARN_64_TO_32_BIT_CONVERSION = YES;
				GCC_WARN_ABOUT_RETURN_TYPE = YES_ERROR;
				GCC_WARN_UNDECLARED_SELECTOR = YES;
				GCC_WARN_UNINITIALIZED_AUTOS = YES_AGGRESSIVE;
				GCC_WARN_UNUSED_FUNCTION = YES;
				GCC_WARN_UNUSED_VARIABLE = YES;
				IPHONEOS_DEPLOYMENT_TARGET = 9.2;
				MTL_ENABLE_DEBUG_INFO = NO;
				SDKROOT = iphoneos;
				VALIDATE_PRODUCT = YES;
			};
			name = Release;
		};
		563EED201C919CFA00B21F07 /* Debug */ = {
			isa = XCBuildConfiguration;
			buildSettings = {
				ASSETCATALOG_COMPILER_APPICON_NAME = AppIcon;
				INFOPLIST_FILE = mapSample/Info.plist;
				LD_RUNPATH_SEARCH_PATHS = "$(inherited) @executable_path/Frameworks";
				PRODUCT_BUNDLE_IDENTIFIER = "indival-inc..mapSample";
				PRODUCT_NAME = "$(TARGET_NAME)";
			};
			name = Debug;
		};
		563EED211C919CFA00B21F07 /* Release */ = {
			isa = XCBuildConfiguration;
			buildSettings = {
				ASSETCATALOG_COMPILER_APPICON_NAME = AppIcon;
				INFOPLIST_FILE = mapSample/Info.plist;
				LD_RUNPATH_SEARCH_PATHS = "$(inherited) @executable_path/Frameworks";
				PRODUCT_BUNDLE_IDENTIFIER = "indival-inc..mapSample";
				PRODUCT_NAME = "$(TARGET_NAME)";
			};
			name = Release;
		};
		563EED231C919CFA00B21F07 /* Debug */ = {
			isa = XCBuildConfiguration;
			buildSettings = {
				BUNDLE_LOADER = "$(TEST_HOST)";
				INFOPLIST_FILE = mapSampleTests/Info.plist;
				LD_RUNPATH_SEARCH_PATHS = "$(inherited) @executable_path/Frameworks @loader_path/Frameworks";
				PRODUCT_BUNDLE_IDENTIFIER = "indival-inc..mapSampleTests";
				PRODUCT_NAME = "$(TARGET_NAME)";
				TEST_HOST = "$(BUILT_PRODUCTS_DIR)/mapSample.app/mapSample";
			};
			name = Debug;
		};
		563EED241C919CFA00B21F07 /* Release */ = {
			isa = XCBuildConfiguration;
			buildSettings = {
				BUNDLE_LOADER = "$(TEST_HOST)";
				INFOPLIST_FILE = mapSampleTests/Info.plist;
				LD_RUNPATH_SEARCH_PATHS = "$(inherited) @executable_path/Frameworks @loader_path/Frameworks";
				PRODUCT_BUNDLE_IDENTIFIER = "indival-inc..mapSampleTests";
				PRODUCT_NAME = "$(TARGET_NAME)";
				TEST_HOST = "$(BUILT_PRODUCTS_DIR)/mapSample.app/mapSample";
			};
			name = Release;
		};
		563EED261C919CFA00B21F07 /* Debug */ = {
			isa = XCBuildConfiguration;
			buildSettings = {
				INFOPLIST_FILE = mapSampleUITests/Info.plist;
				LD_RUNPATH_SEARCH_PATHS = "$(inherited) @executable_path/Frameworks @loader_path/Frameworks";
				PRODUCT_BUNDLE_IDENTIFIER = "indival-inc..mapSampleUITests";
				PRODUCT_NAME = "$(TARGET_NAME)";
				TEST_TARGET_NAME = mapSample;
				USES_XCTRUNNER = YES;
			};
			name = Debug;
		};
		563EED271C919CFA00B21F07 /* Release */ = {
			isa = XCBuildConfiguration;
			buildSettings = {
				INFOPLIST_FILE = mapSampleUITests/Info.plist;
				LD_RUNPATH_SEARCH_PATHS = "$(inherited) @executable_path/Frameworks @loader_path/Frameworks";
				PRODUCT_BUNDLE_IDENTIFIER = "indival-inc..mapSampleUITests";
				PRODUCT_NAME = "$(TARGET_NAME)";
				TEST_TARGET_NAME = mapSample;
				USES_XCTRUNNER = YES;
			};
			name = Release;
		};
/* End XCBuildConfiguration section */

/* Begin XCConfigurationList section */
		563EECF21C919CF900B21F07 /* Build configuration list for PBXProject "mapSample" */ = {
			isa = XCConfigurationList;
			buildConfigurations = (
				563EED1D1C919CFA00B21F07 /* Debug */,
				563EED1E1C919CFA00B21F07 /* Release */,
			);
			defaultConfigurationIsVisible = 0;
			defaultConfigurationName = Release;
		};
		563EED1F1C919CFA00B21F07 /* Build configuration list for PBXNativeTarget "mapSample" */ = {
			isa = XCConfigurationList;
			buildConfigurations = (
				563EED201C919CFA00B21F07 /* Debug */,
				563EED211C919CFA00B21F07 /* Release */,
			);
			defaultConfigurationIsVisible = 0;
		};
		563EED221C919CFA00B21F07 /* Build configuration list for PBXNativeTarget "mapSampleTests" */ = {
			isa = XCConfigurationList;
			buildConfigurations = (
				563EED231C919CFA00B21F07 /* Debug */,
				563EED241C919CFA00B21F07 /* Release */,
			);
			defaultConfigurationIsVisible = 0;
		};
		563EED251C919CFA00B21F07 /* Build configuration list for PBXNativeTarget "mapSampleUITests" */ = {
			isa = XCConfigurationList;
			buildConfigurations = (
				563EED261C919CFA00B21F07 /* Debug */,
				563EED271C919CFA00B21F07 /* Release */,
			);
			defaultConfigurationIsVisible = 0;
		};
/* End XCConfigurationList section */
	};
	rootObject = 563EECEF1C919CF900B21F07 /* Project object */;
}
